// !$*UTF8*$!
{
	archiveVersion = 1;
	classes = {
	};
	objectVersion = 46;
	objects = {

/* Begin PBXBuildFile section */
		8E548F9219ACBE45004B2FFF /* AppDelegate.swift in Sources */ = {isa = PBXBuildFile; fileRef = 8E548F9119ACBE45004B2FFF /* AppDelegate.swift */; };
		8E548F9419ACBE45004B2FFF /* ViewController.swift in Sources */ = {isa = PBXBuildFile; fileRef = 8E548F9319ACBE45004B2FFF /* ViewController.swift */; };
		8E548F9719ACBE45004B2FFF /* Main.storyboard in Resources */ = {isa = PBXBuildFile; fileRef = 8E548F9519ACBE45004B2FFF /* Main.storyboard */; };
		8E548F9919ACBE45004B2FFF /* Images.xcassets in Resources */ = {isa = PBXBuildFile; fileRef = 8E548F9819ACBE45004B2FFF /* Images.xcassets */; };
		8E548FA519ACBE45004B2FFF /* Swiftly_ParseTests.swift in Sources */ = {isa = PBXBuildFile; fileRef = 8E548FA419ACBE45004B2FFF /* Swiftly_ParseTests.swift */; };
		8E548FB919ACC112004B2FFF /* SystemConfiguration.framework in Frameworks */ = {isa = PBXBuildFile; fileRef = 8E548FB819ACC112004B2FFF /* SystemConfiguration.framework */; };
		8E548FBB19ACC11C004B2FFF /* StoreKit.framework in Frameworks */ = {isa = PBXBuildFile; fileRef = 8E548FBA19ACC11C004B2FFF /* StoreKit.framework */; };
		8E548FBD19ACC124004B2FFF /* Security.framework in Frameworks */ = {isa = PBXBuildFile; fileRef = 8E548FBC19ACC124004B2FFF /* Security.framework */; };
		8E548FBF19ACC12D004B2FFF /* QuartzCore.framework in Frameworks */ = {isa = PBXBuildFile; fileRef = 8E548FBE19ACC12D004B2FFF /* QuartzCore.framework */; };
		8E548FC119ACC136004B2FFF /* MobileCoreServices.framework in Frameworks */ = {isa = PBXBuildFile; fileRef = 8E548FC019ACC136004B2FFF /* MobileCoreServices.framework */; };
		8E548FC319ACC13F004B2FFF /* libz.dylib in Frameworks */ = {isa = PBXBuildFile; fileRef = 8E548FC219ACC13F004B2FFF /* libz.dylib */; };
		8E548FC519ACC146004B2FFF /* CoreLocation.framework in Frameworks */ = {isa = PBXBuildFile; fileRef = 8E548FC419ACC146004B2FFF /* CoreLocation.framework */; };
		8E548FC719ACC151004B2FFF /* CoreGraphics.framework in Frameworks */ = {isa = PBXBuildFile; fileRef = 8E548FC619ACC151004B2FFF /* CoreGraphics.framework */; };
		8E548FC919ACC166004B2FFF /* CFNetwork.framework in Frameworks */ = {isa = PBXBuildFile; fileRef = 8E548FC819ACC166004B2FFF /* CFNetwork.framework */; };
		8E548FCB19ACC17B004B2FFF /* AudioToolbox.framework in Frameworks */ = {isa = PBXBuildFile; fileRef = 8E548FCA19ACC17B004B2FFF /* AudioToolbox.framework */; };
		8E548FCF19ACC263004B2FFF /* Bolts.framework in Frameworks */ = {isa = PBXBuildFile; fileRef = 8E548FCC19ACC263004B2FFF /* Bolts.framework */; };
		8E548FD019ACC263004B2FFF /* Parse.framework in Frameworks */ = {isa = PBXBuildFile; fileRef = 8E548FCD19ACC263004B2FFF /* Parse.framework */; };
		8E548FD119ACC263004B2FFF /* ParseFacebookUtils.framework in Frameworks */ = {isa = PBXBuildFile; fileRef = 8E548FCE19ACC263004B2FFF /* ParseFacebookUtils.framework */; };
/* End PBXBuildFile section */

/* Begin PBXContainerItemProxy section */
		8E548F9F19ACBE45004B2FFF /* PBXContainerItemProxy */ = {
			isa = PBXContainerItemProxy;
			containerPortal = 8E548F8419ACBE45004B2FFF /* Project object */;
			proxyType = 1;
			remoteGlobalIDString = 8E548F8B19ACBE45004B2FFF;
			remoteInfo = "Swiftly Parse";
		};
/* End PBXContainerItemProxy section */

/* Begin PBXFileReference section */
		8E548F8C19ACBE45004B2FFF /* Swiftly Parse.app */ = {isa = PBXFileReference; explicitFileType = wrapper.application; includeInIndex = 0; path = "Swiftly Parse.app"; sourceTree = BUILT_PRODUCTS_DIR; };
		8E548F9019ACBE45004B2FFF /* Info.plist */ = {isa = PBXFileReference; lastKnownFileType = text.plist.xml; path = Info.plist; sourceTree = "<group>"; };
		8E548F9119ACBE45004B2FFF /* AppDelegate.swift */ = {isa = PBXFileReference; lastKnownFileType = sourcecode.swift; path = AppDelegate.swift; sourceTree = "<group>"; };
		8E548F9319ACBE45004B2FFF /* ViewController.swift */ = {isa = PBXFileReference; lastKnownFileType = sourcecode.swift; path = ViewController.swift; sourceTree = "<group>"; };
		8E548F9619ACBE45004B2FFF /* Base */ = {isa = PBXFileReference; lastKnownFileType = file.storyboard; name = Base; path = Base.lproj/Main.storyboard; sourceTree = "<group>"; };
		8E548F9819ACBE45004B2FFF /* Images.xcassets */ = {isa = PBXFileReference; lastKnownFileType = folder.assetcatalog; path = Images.xcassets; sourceTree = "<group>"; };
		8E548F9E19ACBE45004B2FFF /* Swiftly ParseTests.xctest */ = {isa = PBXFileReference; explicitFileType = wrapper.cfbundle; includeInIndex = 0; path = "Swiftly ParseTests.xctest"; sourceTree = BUILT_PRODUCTS_DIR; };
		8E548FA319ACBE45004B2FFF /* Info.plist */ = {isa = PBXFileReference; lastKnownFileType = text.plist.xml; path = Info.plist; sourceTree = "<group>"; };
		8E548FA419ACBE45004B2FFF /* Swiftly_ParseTests.swift */ = {isa = PBXFileReference; lastKnownFileType = sourcecode.swift; path = Swiftly_ParseTests.swift; sourceTree = "<group>"; };
		8E548FAE19ACBF20004B2FFF /* Swiftly Parse-Bridging-Header.h */ = {isa = PBXFileReference; lastKnownFileType = sourcecode.c.h; path = "Swiftly Parse-Bridging-Header.h"; sourceTree = SOURCE_ROOT; };
		8E548FB819ACC112004B2FFF /* SystemConfiguration.framework */ = {isa = PBXFileReference; lastKnownFileType = wrapper.framework; name = SystemConfiguration.framework; path = System/Library/Frameworks/SystemConfiguration.framework; sourceTree = SDKROOT; };
		8E548FBA19ACC11C004B2FFF /* StoreKit.framework */ = {isa = PBXFileReference; lastKnownFileType = wrapper.framework; name = StoreKit.framework; path = System/Library/Frameworks/StoreKit.framework; sourceTree = SDKROOT; };
		8E548FBC19ACC124004B2FFF /* Security.framework */ = {isa = PBXFileReference; lastKnownFileType = wrapper.framework; name = Security.framework; path = System/Library/Frameworks/Security.framework; sourceTree = SDKROOT; };
		8E548FBE19ACC12D004B2FFF /* QuartzCore.framework */ = {isa = PBXFileReference; lastKnownFileType = wrapper.framework; name = QuartzCore.framework; path = System/Library/Frameworks/QuartzCore.framework; sourceTree = SDKROOT; };
		8E548FC019ACC136004B2FFF /* MobileCoreServices.framework */ = {isa = PBXFileReference; lastKnownFileType = wrapper.framework; name = MobileCoreServices.framework; path = System/Library/Frameworks/MobileCoreServices.framework; sourceTree = SDKROOT; };
		8E548FC219ACC13F004B2FFF /* libz.dylib */ = {isa = PBXFileReference; lastKnownFileType = "compiled.mach-o.dylib"; name = libz.dylib; path = usr/lib/libz.dylib; sourceTree = SDKROOT; };
		8E548FC419ACC146004B2FFF /* CoreLocation.framework */ = {isa = PBXFileReference; lastKnownFileType = wrapper.framework; name = CoreLocation.framework; path = System/Library/Frameworks/CoreLocation.framework; sourceTree = SDKROOT; };
		8E548FC619ACC151004B2FFF /* CoreGraphics.framework */ = {isa = PBXFileReference; lastKnownFileType = wrapper.framework; name = CoreGraphics.framework; path = System/Library/Frameworks/CoreGraphics.framework; sourceTree = SDKROOT; };
		8E548FC819ACC166004B2FFF /* CFNetwork.framework */ = {isa = PBXFileReference; lastKnownFileType = wrapper.framework; name = CFNetwork.framework; path = System/Library/Frameworks/CFNetwork.framework; sourceTree = SDKROOT; };
		8E548FCA19ACC17B004B2FFF /* AudioToolbox.framework */ = {isa = PBXFileReference; lastKnownFileType = wrapper.framework; name = AudioToolbox.framework; path = System/Library/Frameworks/AudioToolbox.framework; sourceTree = SDKROOT; };
		8E548FCC19ACC263004B2FFF /* Bolts.framework */ = {isa = PBXFileReference; lastKnownFileType = wrapper.framework; path = Bolts.framework; sourceTree = "<group>"; };
		8E548FCD19ACC263004B2FFF /* Parse.framework */ = {isa = PBXFileReference; lastKnownFileType = wrapper.framework; path = Parse.framework; sourceTree = "<group>"; };
		8E548FCE19ACC263004B2FFF /* ParseFacebookUtils.framework */ = {isa = PBXFileReference; lastKnownFileType = wrapper.framework; path = ParseFacebookUtils.framework; sourceTree = "<group>"; };
/* End PBXFileReference section */

/* Begin PBXFrameworksBuildPhase section */
		8E548F8919ACBE45004B2FFF /* Frameworks */ = {
			isa = PBXFrameworksBuildPhase;
			buildActionMask = 2147483647;
			files = (
				8E548FCB19ACC17B004B2FFF /* AudioToolbox.framework in Frameworks */,
				8E548FC919ACC166004B2FFF /* CFNetwork.framework in Frameworks */,
				8E548FC719ACC151004B2FFF /* CoreGraphics.framework in Frameworks */,
				8E548FC519ACC146004B2FFF /* CoreLocation.framework in Frameworks */,
				8E548FC319ACC13F004B2FFF /* libz.dylib in Frameworks */,
				8E548FC119ACC136004B2FFF /* MobileCoreServices.framework in Frameworks */,
				8E548FBF19ACC12D004B2FFF /* QuartzCore.framework in Frameworks */,
				8E548FBD19ACC124004B2FFF /* Security.framework in Frameworks */,
				8E548FCF19ACC263004B2FFF /* Bolts.framework in Frameworks */,
				8E548FBB19ACC11C004B2FFF /* StoreKit.framework in Frameworks */,
				8E548FD019ACC263004B2FFF /* Parse.framework in Frameworks */,
				8E548FB919ACC112004B2FFF /* SystemConfiguration.framework in Frameworks */,
				8E548FD119ACC263004B2FFF /* ParseFacebookUtils.framework in Frameworks */,
			);
			runOnlyForDeploymentPostprocessing = 0;
		};
		8E548F9B19ACBE45004B2FFF /* Frameworks */ = {
			isa = PBXFrameworksBuildPhase;
			buildActionMask = 2147483647;
			files = (
			);
			runOnlyForDeploymentPostprocessing = 0;
		};
/* End PBXFrameworksBuildPhase section */

/* Begin PBXGroup section */
		8E548F8319ACBE45004B2FFF = {
			isa = PBXGroup;
			children = (
				8E548F8E19ACBE45004B2FFF /* Swiftly Parse */,
				8E548FA119ACBE45004B2FFF /* Swiftly ParseTests */,
				8E548F8D19ACBE45004B2FFF /* Products */,
				8E548FB119ACC080004B2FFF /* Frameworks */,
			);
			sourceTree = "<group>";
		};
		8E548F8D19ACBE45004B2FFF /* Products */ = {
			isa = PBXGroup;
			children = (
				8E548F8C19ACBE45004B2FFF /* Swiftly Parse.app */,
				8E548F9E19ACBE45004B2FFF /* Swiftly ParseTests.xctest */,
			);
			name = Products;
			sourceTree = "<group>";
		};
		8E548F8E19ACBE45004B2FFF /* Swiftly Parse */ = {
			isa = PBXGroup;
			children = (
				8E548F9119ACBE45004B2FFF /* AppDelegate.swift */,
				8E548F9319ACBE45004B2FFF /* ViewController.swift */,
				8E548F9519ACBE45004B2FFF /* Main.storyboard */,
				8E548F9819ACBE45004B2FFF /* Images.xcassets */,
				8E548F8F19ACBE45004B2FFF /* Supporting Files */,
			);
			path = "Swiftly Parse";
			sourceTree = "<group>";
		};
		8E548F8F19ACBE45004B2FFF /* Supporting Files */ = {
			isa = PBXGroup;
			children = (
				8E548F9019ACBE45004B2FFF /* Info.plist */,
				8E548FAE19ACBF20004B2FFF /* Swiftly Parse-Bridging-Header.h */,
			);
			name = "Supporting Files";
			sourceTree = "<group>";
		};
		8E548FA119ACBE45004B2FFF /* Swiftly ParseTests */ = {
			isa = PBXGroup;
			children = (
				8E548FA419ACBE45004B2FFF /* Swiftly_ParseTests.swift */,
				8E548FA219ACBE45004B2FFF /* Supporting Files */,
			);
			path = "Swiftly ParseTests";
			sourceTree = "<group>";
		};
		8E548FA219ACBE45004B2FFF /* Supporting Files */ = {
			isa = PBXGroup;
			children = (
				8E548FA319ACBE45004B2FFF /* Info.plist */,
			);
			name = "Supporting Files";
			sourceTree = "<group>";
		};
		8E548FB119ACC080004B2FFF /* Frameworks */ = {
			isa = PBXGroup;
			children = (
				8E548FCC19ACC263004B2FFF /* Bolts.framework */,
				8E548FCD19ACC263004B2FFF /* Parse.framework */,
				8E548FCE19ACC263004B2FFF /* ParseFacebookUtils.framework */,
				8E548FCA19ACC17B004B2FFF /* AudioToolbox.framework */,
				8E548FC819ACC166004B2FFF /* CFNetwork.framework */,
				8E548FC619ACC151004B2FFF /* CoreGraphics.framework */,
				8E548FC419ACC146004B2FFF /* CoreLocation.framework */,
				8E548FC219ACC13F004B2FFF /* libz.dylib */,
				8E548FC019ACC136004B2FFF /* MobileCoreServices.framework */,
				8E548FBE19ACC12D004B2FFF /* QuartzCore.framework */,
				8E548FBC19ACC124004B2FFF /* Security.framework */,
				8E548FBA19ACC11C004B2FFF /* StoreKit.framework */,
				8E548FB819ACC112004B2FFF /* SystemConfiguration.framework */,
			);
			name = Frameworks;
			sourceTree = "<group>";
		};
/* End PBXGroup section */

/* Begin PBXNativeTarget section */
		8E548F8B19ACBE45004B2FFF /* Swiftly Parse */ = {
			isa = PBXNativeTarget;
			buildConfigurationList = 8E548FA819ACBE45004B2FFF /* Build configuration list for PBXNativeTarget "Swiftly Parse" */;
			buildPhases = (
				8E548F8819ACBE45004B2FFF /* Sources */,
				8E548F8919ACBE45004B2FFF /* Frameworks */,
				8E548F8A19ACBE45004B2FFF /* Resources */,
			);
			buildRules = (
			);
			dependencies = (
			);
			name = "Swiftly Parse";
			productName = "Swiftly Parse";
			productReference = 8E548F8C19ACBE45004B2FFF /* Swiftly Parse.app */;
			productType = "com.apple.product-type.application";
		};
		8E548F9D19ACBE45004B2FFF /* Swiftly ParseTests */ = {
			isa = PBXNativeTarget;
			buildConfigurationList = 8E548FAB19ACBE45004B2FFF /* Build configuration list for PBXNativeTarget "Swiftly ParseTests" */;
			buildPhases = (
				8E548F9A19ACBE45004B2FFF /* Sources */,
				8E548F9B19ACBE45004B2FFF /* Frameworks */,
				8E548F9C19ACBE45004B2FFF /* Resources */,
			);
			buildRules = (
			);
			dependencies = (
				8E548FA019ACBE45004B2FFF /* PBXTargetDependency */,
			);
			name = "Swiftly ParseTests";
			productName = "Swiftly ParseTests";
			productReference = 8E548F9E19ACBE45004B2FFF /* Swiftly ParseTests.xctest */;
			productType = "com.apple.product-type.bundle.unit-test";
		};
/* End PBXNativeTarget section */

/* Begin PBXProject section */
		8E548F8419ACBE45004B2FFF /* Project object */ = {
			isa = PBXProject;
			attributes = {
				LastUpgradeCheck = 0600;
				ORGANIZATIONNAME = "Arthur Boia";
				TargetAttributes = {
					8E548F8B19ACBE45004B2FFF = {
						CreatedOnToolsVersion = 6.0;
					};
					8E548F9D19ACBE45004B2FFF = {
						CreatedOnToolsVersion = 6.0;
						TestTargetID = 8E548F8B19ACBE45004B2FFF;
					};
				};
			};
			buildConfigurationList = 8E548F8719ACBE45004B2FFF /* Build configuration list for PBXProject "Swiftly Parse" */;
			compatibilityVersion = "Xcode 3.2";
			developmentRegion = English;
			hasScannedForEncodings = 0;
			knownRegions = (
				en,
				Base,
			);
			mainGroup = 8E548F8319ACBE45004B2FFF;
			productRefGroup = 8E548F8D19ACBE45004B2FFF /* Products */;
			projectDirPath = "";
			projectRoot = "";
			targets = (
				8E548F8B19ACBE45004B2FFF /* Swiftly Parse */,
				8E548F9D19ACBE45004B2FFF /* Swiftly ParseTests */,
			);
		};
/* End PBXProject section */

/* Begin PBXResourcesBuildPhase section */
		8E548F8A19ACBE45004B2FFF /* Resources */ = {
			isa = PBXResourcesBuildPhase;
			buildActionMask = 2147483647;
			files = (
				8E548F9719ACBE45004B2FFF /* Main.storyboard in Resources */,
				8E548F9919ACBE45004B2FFF /* Images.xcassets in Resources */,
			);
			runOnlyForDeploymentPostprocessing = 0;
		};
		8E548F9C19ACBE45004B2FFF /* Resources */ = {
			isa = PBXResourcesBuildPhase;
			buildActionMask = 2147483647;
			files = (
			);
			runOnlyForDeploymentPostprocessing = 0;
		};
/* End PBXResourcesBuildPhase section */

/* Begin PBXSourcesBuildPhase section */
		8E548F8819ACBE45004B2FFF /* Sources */ = {
			isa = PBXSourcesBuildPhase;
			buildActionMask = 2147483647;
			files = (
				8E548F9419ACBE45004B2FFF /* ViewController.swift in Sources */,
				8E548F9219ACBE45004B2FFF /* AppDelegate.swift in Sources */,
			);
			runOnlyForDeploymentPostprocessing = 0;
		};
		8E548F9A19ACBE45004B2FFF /* Sources */ = {
			isa = PBXSourcesBuildPhase;
			buildActionMask = 2147483647;
			files = (
				8E548FA519ACBE45004B2FFF /* Swiftly_ParseTests.swift in Sources */,
			);
			runOnlyForDeploymentPostprocessing = 0;
		};
/* End PBXSourcesBuildPhase section */

/* Begin PBXTargetDependency section */
		8E548FA019ACBE45004B2FFF /* PBXTargetDependency */ = {
			isa = PBXTargetDependency;
			target = 8E548F8B19ACBE45004B2FFF /* Swiftly Parse */;
			targetProxy = 8E548F9F19ACBE45004B2FFF /* PBXContainerItemProxy */;
		};
/* End PBXTargetDependency section */

/* Begin PBXVariantGroup section */
		8E548F9519ACBE45004B2FFF /* Main.storyboard */ = {
			isa = PBXVariantGroup;
			children = (
				8E548F9619ACBE45004B2FFF /* Base */,
			);
			name = Main.storyboard;
			sourceTree = "<group>";
		};
/* End PBXVariantGroup section */

/* Begin XCBuildConfiguration section */
		8E548FA619ACBE45004B2FFF /* Debug */ = {
			isa = XCBuildConfiguration;
			buildSettings = {
				ALWAYS_SEARCH_USER_PATHS = NO;
				CLANG_CXX_LANGUAGE_STANDARD = "gnu++0x";
				CLANG_CXX_LIBRARY = "libc++";
				CLANG_ENABLE_MODULES = YES;
				CLANG_ENABLE_OBJC_ARC = YES;
				CLANG_WARN_BOOL_CONVERSION = YES;
				CLANG_WARN_CONSTANT_CONVERSION = YES;
				CLANG_WARN_DIRECT_OBJC_ISA_USAGE = YES_ERROR;
				CLANG_WARN_EMPTY_BODY = YES;
				CLANG_WARN_ENUM_CONVERSION = YES;
				CLANG_WARN_INT_CONVERSION = YES;
				CLANG_WARN_OBJC_ROOT_CLASS = YES_ERROR;
				CLANG_WARN_UNREACHABLE_CODE = YES;
				CLANG_WARN__DUPLICATE_METHOD_MATCH = YES;
				"CODE_SIGN_IDENTITY[sdk=iphoneos*]" = "iPhone Developer";
				COPY_PHASE_STRIP = NO;
				ENABLE_STRICT_OBJC_MSGSEND = YES;
				GCC_C_LANGUAGE_STANDARD = gnu99;
				GCC_DYNAMIC_NO_PIC = NO;
				GCC_OPTIMIZATION_LEVEL = 0;
				GCC_PREPROCESSOR_DEFINITIONS = (
					"DEBUG=1",
					"$(inherited)",
				);
				GCC_SYMBOLS_PRIVATE_EXTERN = NO;
				GCC_WARN_64_TO_32_BIT_CONVERSION = YES;
				GCC_WARN_ABOUT_RETURN_TYPE = YES_ERROR;
				GCC_WARN_UNDECLARED_SELECTOR = YES;
				GCC_WARN_UNINITIALIZED_AUTOS = YES_AGGRESSIVE;
				GCC_WARN_UNUSED_FUNCTION = YES;
				GCC_WARN_UNUSED_VARIABLE = YES;
				IPHONEOS_DEPLOYMENT_TARGET = 8.0;
				MTL_ENABLE_DEBUG_INFO = YES;
				ONLY_ACTIVE_ARCH = YES;
				SDKROOT = iphoneos;
				SWIFT_OPTIMIZATION_LEVEL = "-Onone";
			};
			name = Debug;
		};
		8E548FA719ACBE45004B2FFF /* Release */ = {
			isa = XCBuildConfiguration;
			buildSettings = {
				ALWAYS_SEARCH_USER_PATHS = NO;
				CLANG_CXX_LANGUAGE_STANDARD = "gnu++0x";
				CLANG_CXX_LIBRARY = "libc++";
				CLANG_ENABLE_MODULES = YES;
				CLANG_ENABLE_OBJC_ARC = YES;
				CLANG_WARN_BOOL_CONVERSION = YES;
				CLANG_WARN_CONSTANT_CONVERSION = YES;
				CLANG_WARN_DIRECT_OBJC_ISA_USAGE = YES_ERROR;
				CLANG_WARN_EMPTY_BODY = YES;
				CLANG_WARN_ENUM_CONVERSION = YES;
				CLANG_WARN_INT_CONVERSION = YES;
				CLANG_WARN_OBJC_ROOT_CLASS = YES_ERROR;
				CLANG_WARN_UNREACHABLE_CODE = YES;
				CLANG_WARN__DUPLICATE_METHOD_MATCH = YES;
				"CODE_SIGN_IDENTITY[sdk=iphoneos*]" = "iPhone Developer";
				COPY_PHASE_STRIP = YES;
				ENABLE_NS_ASSERTIONS = NO;
				ENABLE_STRICT_OBJC_MSGSEND = YES;
				GCC_C_LANGUAGE_STANDARD = gnu99;
				GCC_WARN_64_TO_32_BIT_CONVERSION = YES;
				GCC_WARN_ABOUT_RETURN_TYPE = YES_ERROR;
				GCC_WARN_UNDECLARED_SELECTOR = YES;
				GCC_WARN_UNINITIALIZED_AUTOS = YES_AGGRESSIVE;
				GCC_WARN_UNUSED_FUNCTION = YES;
				GCC_WARN_UNUSED_VARIABLE = YES;
				IPHONEOS_DEPLOYMENT_TARGET = 8.0;
				MTL_ENABLE_DEBUG_INFO = NO;
				SDKROOT = iphoneos;
				VALIDATE_PRODUCT = YES;
			};
			name = Release;
		};
		8E548FA919ACBE45004B2FFF /* Debug */ = {
			isa = XCBuildConfiguration;
			buildSettings = {
				ASSETCATALOG_COMPILER_APPICON_NAME = AppIcon;
				ASSETCATALOG_COMPILER_LAUNCHIMAGE_NAME = LaunchImage;
				CLANG_ENABLE_MODULES = YES;
				FRAMEWORK_SEARCH_PATHS = (
					"$(inherited)",
					"/Users/Arthur/Desktop/parse-library-1.2.21",
					"$(PROJECT_DIR)",
				);
				INFOPLIST_FILE = "Swiftly Parse/Info.plist";
				LD_RUNPATH_SEARCH_PATHS = "$(inherited) @executable_path/Frameworks";
				PRODUCT_NAME = "$(TARGET_NAME)";
				SWIFT_OBJC_BRIDGING_HEADER = "Swiftly Parse-Bridging-Header.h";
				SWIFT_OPTIMIZATION_LEVEL = "-Onone";
			};
			name = Debug;
		};
		8E548FAA19ACBE45004B2FFF /* Release */ = {
			isa = XCBuildConfiguration;
			buildSettings = {
				ASSETCATALOG_COMPILER_APPICON_NAME = AppIcon;
				ASSETCATALOG_COMPILER_LAUNCHIMAGE_NAME = LaunchImage;
				CLANG_ENABLE_MODULES = YES;
				FRAMEWORK_SEARCH_PATHS = (
					"$(inherited)",
					"/Users/Arthur/Desktop/parse-library-1.2.21",
					"$(PROJECT_DIR)",
				);
				INFOPLIST_FILE = "Swiftly Parse/Info.plist";
				LD_RUNPATH_SEARCH_PATHS = "$(inherited) @executable_path/Frameworks";
				PRODUCT_NAME = "$(TARGET_NAME)";
				SWIFT_OBJC_BRIDGING_HEADER = "Swiftly Parse-Bridging-Header.h";
			};
			name = Release;
		};
		8E548FAC19ACBE45004B2FFF /* Debug */ = {
			isa = XCBuildConfiguration;
			buildSettings = {
				BUNDLE_LOADER = "$(TEST_HOST)";
				FRAMEWORK_SEARCH_PATHS = (
					"$(SDKROOT)/Developer/Library/Frameworks",
					"$(inherited)",
				);
				GCC_PREPROCESSOR_DEFINITIONS = (
					"DEBUG=1",
					"$(inherited)",
				);
				INFOPLIST_FILE = "Swiftly ParseTests/Info.plist";
				LD_RUNPATH_SEARCH_PATHS = "$(inherited) @executable_path/Frameworks @loader_path/Frameworks";
				PRODUCT_NAME = "$(TARGET_NAME)";
				TEST_HOST = "$(BUILT_PRODUCTS_DIR)/Swiftly Parse.app/Swiftly Parse";
			};
			name = Debug;
		};
		8E548FAD19ACBE45004B2FFF /* Release */ = {
			isa = XCBuildConfiguration;
			buildSettings = {
				BUNDLE_LOADER = "$(TEST_HOST)";
				FRAMEWORK_SEARCH_PATHS = (
					"$(SDKROOT)/Developer/Library/Frameworks",
					"$(inherited)",
				);
				INFOPLIST_FILE = "Swiftly ParseTests/Info.plist";
				LD_RUNPATH_SEARCH_PATHS = "$(inherited) @executable_path/Frameworks @loader_path/Frameworks";
				PRODUCT_NAME = "$(TARGET_NAME)";
				TEST_HOST = "$(BUILT_PRODUCTS_DIR)/Swiftly Parse.app/Swiftly Parse";
			};
			name = Release;
		};
/* End XCBuildConfiguration section */

/* Begin XCConfigurationList section */
		8E548F8719ACBE45004B2FFF /* Build configuration list for PBXProject "Swiftly Parse" */ = {
			isa = XCConfigurationList;
			buildConfigurations = (
				8E548FA619ACBE45004B2FFF /* Debug */,
				8E548FA719ACBE45004B2FFF /* Release */,
			);
			defaultConfigurationIsVisible = 0;
			defaultConfigurationName = Release;
		};
		8E548FA819ACBE45004B2FFF /* Build configuration list for PBXNativeTarget "Swiftly Parse" */ = {
			isa = XCConfigurationList;
			buildConfigurations = (
				8E548FA919ACBE45004B2FFF /* Debug */,
				8E548FAA19ACBE45004B2FFF /* Release */,
			);
			defaultConfigurationIsVisible = 0;
		};
		8E548FAB19ACBE45004B2FFF /* Build configuration list for PBXNativeTarget "Swiftly ParseTests" */ = {
			isa = XCConfigurationList;
			buildConfigurations = (
				8E548FAC19ACBE45004B2FFF /* Debug */,
				8E548FAD19ACBE45004B2FFF /* Release */,
			);
			defaultConfigurationIsVisible = 0;
		};
/* End XCConfigurationList section */
	};
	rootObject = 8E548F8419ACBE45004B2FFF /* Project object */;
}
